hash: b779be36aad4dd3c823e01861fe6c3655f4b623da78102f36e5c5d1b741434b8
updated: 2018-05-15T23:52:14.900748561+08:00
imports:
- name: github.com/beorn7/perks
  version: 3a771d992973f24aa725d07868b467d1ddfceafb
  subpackages:
  - quantile
- name: github.com/coreos/etcd
  version: 25f4de34ec4c35889fdf1c8d9192663761e6a2b9
  repo: https://github.com/zxfishhack/etcd
  subpackages:
  - etcdserver/stats
  - pkg/crc
  - pkg/fileutil
  - pkg/httputil
  - pkg/ioutil
  - pkg/logutil
  - pkg/pbutil
  - pkg/tlsutil
  - pkg/transport
  - pkg/types
  - raft
  - raft/raftpb
  - rafthttp
  - raftsnap
  - raftsnap/snappb
  - version
  - wal
  - wal/walpb
- name: github.com/coreos/go-semver
  version: e214231b295a8ea9479f11b70b35d5acf3556d9b
  subpackages:
  - semver
- name: github.com/coreos/go-systemd
  version: 39ca1b05acc7ad1220e09f133283b8859a8b71ab
  subpackages:
  - journal
- name: github.com/coreos/pkg
  version: 97fdf19511ea361ae1c100dd393cc47f8dcfa1e1
  subpackages:
  - capnslog
- name: github.com/gogo/protobuf
  version: 30cf7ac33676b5786e78c746683f0d4cd64fa75b
  subpackages:
  - gogoproto
  - proto
  - protoc-gen-gogo/descriptor
- name: github.com/golang/protobuf
  version: 927b65914520a8b7d44f5c9057611cfec6b2e2d0
  subpackages:
  - proto
- name: github.com/matttproud/golang_protobuf_extensions
  version: c12348ce28de40eed0136aa2b644d0ee0650e56c
  subpackages:
  - pbutil
- name: github.com/prometheus/client_golang
  version: 82f5ff156b29e276022b1a958f7d385870fb9814
  subpackages:
  - prometheus
- name: github.com/prometheus/client_model
  version: 99fa1f4be8e564e8a6b613da7fa6f46c9edafc6c
  subpackages:
  - go
- name: github.com/prometheus/common
  version: d811d2e9bf898806ecfb6ef6296774b13ffc314c
  subpackages:
  - expfmt
  - internal/bitbucket.org/ww/goautoneg
  - model
- name: github.com/prometheus/procfs
  version: 8b1c2da0d56deffdbb9e48d4414b4e674bd8083e
  subpackages:
  - internal/util
  - nfs
  - xfs
- name: github.com/zxfishhack/probing
  version: 0b7f0d1bdb9602402d0b28225b0bbff11214af1d
- name: go.uber.org/atomic
  version: 1ea20fb1cbb1cc08cbd0d913a96dead89aa18289
- name: go.uber.org/multierr
  version: 3c4937480c32f4c13a875a1829af76c98ca3d40a
- name: go.uber.org/zap
  version: 2dc8d10634f473f4dc678e48391a9dc8cf6ae6f9
  subpackages:
  - buffer
  - internal/bufferpool
  - internal/color
  - internal/exit
  - zapcore
- name: golang.org/x/net
  version: 2491c5de3490fced2f6cff376127c667efeed857
  repo: https://github.com/golang/net.git
  subpackages:
  - context
- name: golang.org/x/time
  version: fbb02b2291d28baffd63558aa44b4b56f178d650
  repo: https://github.com/golang/time.git
  subpackages:
  - rate
- name: google.golang.org/grpc
  version: 161c19534cbd91ed2b08cf4b8663103d59483eac
  repo: https://github.com/grpc/grpc-go.git
  subpackages:
  - grpclog
testImports: []
